
Microsoft Visual Studio Solution File, Format Version 12.00
# Visual Studio Version 17
VisualStudioVersion = 17.0.32014.148
MinimumVisualStudioVersion = 10.0.40219.1
Project("{FAE04EC0-301F-11D3-BF4B-00C04F79EFBC}") = "JwtDemo", "JwtDemo\JwtDemo.csproj", "{9831EA91-BC95-4689-ABD2-C7AA8C760959}"
EndProject
Global
	GlobalSection(SolutionConfigurationPlatforms) = preSolution
		Debug|Any CPU = Debug|Any CPU
		Release|Any CPU = Release|Any CPU
	EndGlobalSection
	GlobalSection(ProjectConfigurationPlatforms) = postSolution
		{9831EA91-BC95-4689-ABD2-C7AA8C760959}.Debug|Any CPU.ActiveCfg = Debug|Any CPU
		{9831EA91-BC95-4689-ABD2-C7AA8C760959}.Debug|Any CPU.Build.0 = Debug|Any CPU
		{9831EA91-BC95-4689-ABD2-C7AA8C760959}.Release|Any CPU.ActiveCfg = Release|Any CPU
		{9831EA91-BC95-4689-ABD2-C7AA8C760959}.Release|Any CPU.Build.0 = Release|Any CPU
	EndGlobalSection
	GlobalSection(SolutionProperties) = preSolution
		HideSolutionNode = FALSE
	EndGlobalSection
	GlobalSection(ExtensibilityGlobals) = postSolution
		SolutionGuid = {609A4EF0-C53D-470C-8B3B-6DE9129BF487}
	EndGlobalSection
EndGlobal
